
Microsoft Visual Studio Solution File, Format Version 12.00
# Visual Studio 15
VisualStudioVersion = 15.0.28010.2046
MinimumVisualStudioVersion = 10.0.40219.1
Project("{FAE04EC0-301F-11D3-BF4B-00C04F79EFBC}") = "ricorsione", "ricorsione\ricorsione.csproj", "{2EC9090F-D64A-4FBC-B16B-557E4DCD89B0}"
EndProject
Project("{FAE04EC0-301F-11D3-BF4B-00C04F79EFBC}") = "mistero3", "mistero3\mistero3.csproj", "{7534CB3B-42C1-4248-A710-E0932F1C5C1D}"
EndProject
Global
	GlobalSection(SolutionConfigurationPlatforms) = preSolution
		Debug|Any CPU = Debug|Any CPU
		Release|Any CPU = Release|Any CPU
	EndGlobalSection
	GlobalSection(ProjectConfigurationPlatforms) = postSolution
		{2EC9090F-D64A-4FBC-B16B-557E4DCD89B0}.Debug|Any CPU.ActiveCfg = Debug|Any CPU
		{2EC9090F-D64A-4FBC-B16B-557E4DCD89B0}.Debug|Any CPU.Build.0 = Debug|Any CPU
		{2EC9090F-D64A-4FBC-B16B-557E4DCD89B0}.Release|Any CPU.ActiveCfg = Release|Any CPU
		{2EC9090F-D64A-4FBC-B16B-557E4DCD89B0}.Release|Any CPU.Build.0 = Release|Any CPU
		{7534CB3B-42C1-4248-A710-E0932F1C5C1D}.Debug|Any CPU.ActiveCfg = Debug|Any CPU
		{7534CB3B-42C1-4248-A710-E0932F1C5C1D}.Debug|Any CPU.Build.0 = Debug|Any CPU
		{7534CB3B-42C1-4248-A710-E0932F1C5C1D}.Release|Any CPU.ActiveCfg = Release|Any CPU
		{7534CB3B-42C1-4248-A710-E0932F1C5C1D}.Release|Any CPU.Build.0 = Release|Any CPU
	EndGlobalSection
	GlobalSection(SolutionProperties) = preSolution
		HideSolutionNode = FALSE
	EndGlobalSection
	GlobalSection(ExtensibilityGlobals) = postSolution
		SolutionGuid = {5F2DA944-0874-4EA8-8927-B26C51FDB57F}
	EndGlobalSection
EndGlobal
